
Microsoft Visual Studio Solution File, Format Version 12.00
# Visual Studio Version 17
VisualStudioVersion = 17.11.35327.3
MinimumVisualStudioVersion = 10.0.40219.1
Project("{FAE04EC0-301F-11D3-BF4B-00C04F79EFBC}") = "08_Methods", "08_Methods.csproj", "{6A8CCEA5-AEE2-486A-A8B6-8D51FE0033E8}"
EndProject
Global
	GlobalSection(SolutionConfigurationPlatforms) = preSolution
		Debug|Any CPU = Debug|Any CPU
		Release|Any CPU = Release|Any CPU
	EndGlobalSection
	GlobalSection(ProjectConfigurationPlatforms) = postSolution
		{6A8CCEA5-AEE2-486A-A8B6-8D51FE0033E8}.Debug|Any CPU.ActiveCfg = Debug|Any CPU
		{6A8CCEA5-AEE2-486A-A8B6-8D51FE0033E8}.Debug|Any CPU.Build.0 = Debug|Any CPU
		{6A8CCEA5-AEE2-486A-A8B6-8D51FE0033E8}.Release|Any CPU.ActiveCfg = Release|Any CPU
		{6A8CCEA5-AEE2-486A-A8B6-8D51FE0033E8}.Release|Any CPU.Build.0 = Release|Any CPU
	EndGlobalSection
	GlobalSection(SolutionProperties) = preSolution
		HideSolutionNode = FALSE
	EndGlobalSection
	GlobalSection(ExtensibilityGlobals) = postSolution
		SolutionGuid = {377C60BF-F573-4E77-B424-B331F9D7224E}
	EndGlobalSection
EndGlobal
